// !$*UTF8*$!
{
	archiveVersion = 1;
	classes = {
	};
	objectVersion = 77;
	objects = {

/* Begin PBXContainerItemProxy section */
		0FC441CB2DC93D50008BB8A7 /* PBXContainerItemProxy */ = {
			isa = PBXContainerItemProxy;
			containerPortal = 0FC441B52DC93D4E008BB8A7 /* Project object */;
			proxyType = 1;
			remoteGlobalIDString = 0FC441BC2DC93D4E008BB8A7;
			remoteInfo = Project_6A;
		};
		0FC441D52DC93D50008BB8A7 /* PBXContainerItemProxy */ = {
			isa = PBXContainerItemProxy;
			containerPortal = 0FC441B52DC93D4E008BB8A7 /* Project object */;
			proxyType = 1;
			remoteGlobalIDString = 0FC441BC2DC93D4E008BB8A7;
			remoteInfo = Project_6A;
		};
/* End PBXContainerItemProxy section */

/* Begin PBXFileReference section */
		0FC441BD2DC93D4E008BB8A7 /* Project_6A.app */ = {isa = PBXFileReference; explicitFileType = wrapper.application; includeInIndex = 0; path = Project_6A.app; sourceTree = BUILT_PRODUCTS_DIR; };
		0FC441CA2DC93D50008BB8A7 /* Project_6ATests.xctest */ = {isa = PBXFileReference; explicitFileType = wrapper.cfbundle; includeInIndex = 0; path = Project_6ATests.xctest; sourceTree = BUILT_PRODUCTS_DIR; };
		0FC441D42DC93D50008BB8A7 /* Project_6AUITests.xctest */ = {isa = PBXFileReference; explicitFileType = wrapper.cfbundle; includeInIndex = 0; path = Project_6AUITests.xctest; sourceTree = BUILT_PRODUCTS_DIR; };
/* End PBXFileReference section */

/* Begin PBXFileSystemSynchronizedRootGroup section */
		0FC441BF2DC93D4E008BB8A7 /* Project_6A */ = {
			isa = PBXFileSystemSynchronizedRootGroup;
			path = Project_6A;
			sourceTree = "<group>";
		};
		0FC441CD2DC93D50008BB8A7 /* Project_6ATests */ = {
			isa = PBXFileSystemSynchronizedRootGroup;
			path = Project_6ATests;
			sourceTree = "<group>";
		};
		0FC441D72DC93D50008BB8A7 /* Project_6AUITests */ = {
			isa = PBXFileSystemSynchronizedRootGroup;
			path = Project_6AUITests;
			sourceTree = "<group>";
		};
/* End PBXFileSystemSynchronizedRootGroup section */

/* Begin PBXFrameworksBuildPhase section */
		0FC441BA2DC93D4E008BB8A7 /* Frameworks */ = {
			isa = PBXFrameworksBuildPhase;
			buildActionMask = 2147483647;
			files = (
			);
			runOnlyForDeploymentPostprocessing = 0;
		};
		0FC441C72DC93D50008BB8A7 /* Frameworks */ = {
			isa = PBXFrameworksBuildPhase;
			buildActionMask = 2147483647;
			files = (
			);
			runOnlyForDeploymentPostprocessing = 0;
		};
		0FC441D12DC93D50008BB8A7 /* Frameworks */ = {
			isa = PBXFrameworksBuildPhase;
			buildActionMask = 2147483647;
			files = (
			);
			runOnlyForDeploymentPostprocessing = 0;
		};
/* End PBXFrameworksBuildPhase section */

/* Begin PBXGroup section */
		0FC441B42DC93D4E008BB8A7 = {
			isa = PBXGroup;
			children = (
				0FC441BF2DC93D4E008BB8A7 /* Project_6A */,
				0FC441CD2DC93D50008BB8A7 /* Project_6ATests */,
				0FC441D72DC93D50008BB8A7 /* Project_6AUITests */,
				0FC441BE2DC93D4E008BB8A7 /* Products */,
			);
			sourceTree = "<group>";
		};
		0FC441BE2DC93D4E008BB8A7 /* Products */ = {
			isa = PBXGroup;
			children = (
				0FC441BD2DC93D4E008BB8A7 /* Project_6A.app */,
				0FC441CA2DC93D50008BB8A7 /* Project_6ATests.xctest */,
				0FC441D42DC93D50008BB8A7 /* Project_6AUITests.xctest */,
			);
			name = Products;
			sourceTree = "<group>";
		};
/* End PBXGroup section */

/* Begin PBXNativeTarget section */
		0FC441BC2DC93D4E008BB8A7 /* Project_6A */ = {
			isa = PBXNativeTarget;
			buildConfigurationList = 0FC441DE2DC93D50008BB8A7 /* Build configuration list for PBXNativeTarget "Project_6A" */;
			buildPhases = (
				0FC441B92DC93D4E008BB8A7 /* Sources */,
				0FC441BA2DC93D4E008BB8A7 /* Frameworks */,
				0FC441BB2DC93D4E008BB8A7 /* Resources */,
			);
			buildRules = (
			);
			dependencies = (
			);
			fileSystemSynchronizedGroups = (
				0FC441BF2DC93D4E008BB8A7 /* Project_6A */,
			);
			name = Project_6A;
			packageProductDependencies = (
			);
			productName = Project_6A;
			productReference = 0FC441BD2DC93D4E008BB8A7 /* Project_6A.app */;
			productType = "com.apple.product-type.application";
		};
		0FC441C92DC93D50008BB8A7 /* Project_6ATests */ = {
			isa = PBXNativeTarget;
			buildConfigurationList = 0FC441E12DC93D50008BB8A7 /* Build configuration list for PBXNativeTarget "Project_6ATests" */;
			buildPhases = (
				0FC441C62DC93D50008BB8A7 /* Sources */,
				0FC441C72DC93D50008BB8A7 /* Frameworks */,
				0FC441C82DC93D50008BB8A7 /* Resources */,
			);
			buildRules = (
			);
			dependencies = (
				0FC441CC2DC93D50008BB8A7 /* PBXTargetDependency */,
			);
			fileSystemSynchronizedGroups = (
				0FC441CD2DC93D50008BB8A7 /* Project_6ATests */,
			);
			name = Project_6ATests;
			packageProductDependencies = (
			);
			productName = Project_6ATests;
			productReference = 0FC441CA2DC93D50008BB8A7 /* Project_6ATests.xctest */;
			productType = "com.apple.product-type.bundle.unit-test";
		};
		0FC441D32DC93D50008BB8A7 /* Project_6AUITests */ = {
			isa = PBXNativeTarget;
			buildConfigurationList = 0FC441E42DC93D50008BB8A7 /* Build configuration list for PBXNativeTarget "Project_6AUITests" */;
			buildPhases = (
				0FC441D02DC93D50008BB8A7 /* Sources */,
				0FC441D12DC93D50008BB8A7 /* Frameworks */,
				0FC441D22DC93D50008BB8A7 /* Resources */,
			);
			buildRules = (
			);
			dependencies = (
				0FC441D62DC93D50008BB8A7 /* PBXTargetDependency */,
			);
			fileSystemSynchronizedGroups = (
				0FC441D72DC93D50008BB8A7 /* Project_6AUITests */,
			);
			name = Project_6AUITests;
			packageProductDependencies = (
			);
			productName = Project_6AUITests;
			productReference = 0FC441D42DC93D50008BB8A7 /* Project_6AUITests.xctest */;
			productType = "com.apple.product-type.bundle.ui-testing";
		};
/* End PBXNativeTarget section */

/* Begin PBXProject section */
		0FC441B52DC93D4E008BB8A7 /* Project object */ = {
			isa = PBXProject;
			attributes = {
				BuildIndependentTargetsInParallel = 1;
				LastSwiftUpdateCheck = 1630;
				LastUpgradeCheck = 1630;
				TargetAttributes = {
					0FC441BC2DC93D4E008BB8A7 = {
						CreatedOnToolsVersion = 16.3;
					};
					0FC441C92DC93D50008BB8A7 = {
						CreatedOnToolsVersion = 16.3;
						TestTargetID = 0FC441BC2DC93D4E008BB8A7;
					};
					0FC441D32DC93D50008BB8A7 = {
						CreatedOnToolsVersion = 16.3;
						TestTargetID = 0FC441BC2DC93D4E008BB8A7;
					};
				};
			};
			buildConfigurationList = 0FC441B82DC93D4E008BB8A7 /* Build configuration list for PBXProject "Project_6A" */;
			developmentRegion = en;
			hasScannedForEncodings = 0;
			knownRegions = (
				en,
				Base,
			);
			mainGroup = 0FC441B42DC93D4E008BB8A7;
			minimizedProjectReferenceProxies = 1;
			preferredProjectObjectVersion = 77;
			productRefGroup = 0FC441BE2DC93D4E008BB8A7 /* Products */;
			projectDirPath = "";
			projectRoot = "";
			targets = (
				0FC441BC2DC93D4E008BB8A7 /* Project_6A */,
				0FC441C92DC93D50008BB8A7 /* Project_6ATests */,
				0FC441D32DC93D50008BB8A7 /* Project_6AUITests */,
			);
		};
/* End PBXProject section */

/* Begin PBXResourcesBuildPhase section */
		0FC441BB2DC93D4E008BB8A7 /* Resources */ = {
			isa = PBXResourcesBuildPhase;
			buildActionMask = 2147483647;
			files = (
			);
			runOnlyForDeploymentPostprocessing = 0;
		};
		0FC441C82DC93D50008BB8A7 /* Resources */ = {
			isa = PBXResourcesBuildPhase;
			buildActionMask = 2147483647;
			files = (
			);
			runOnlyForDeploymentPostprocessing = 0;
		};
		0FC441D22DC93D50008BB8A7 /* Resources */ = {
			isa = PBXResourcesBuildPhase;
			buildActionMask = 2147483647;
			files = (
			);
			runOnlyForDeploymentPostprocessing = 0;
		};
/* End PBXResourcesBuildPhase section */

/* Begin PBXSourcesBuildPhase section */
		0FC441B92DC93D4E008BB8A7 /* Sources */ = {
			isa = PBXSourcesBuildPhase;
			buildActionMask = 2147483647;
			files = (
			);
			runOnlyForDeploymentPostprocessing = 0;
		};
		0FC441C62DC93D50008BB8A7 /* Sources */ = {
			isa = PBXSourcesBuildPhase;
			buildActionMask = 2147483647;
			files = (
			);
			runOnlyForDeploymentPostprocessing = 0;
		};
		0FC441D02DC93D50008BB8A7 /* Sources */ = {
			isa = PBXSourcesBuildPhase;
			buildActionMask = 2147483647;
			files = (
			);
			runOnlyForDeploymentPostprocessing = 0;
		};
/* End PBXSourcesBuildPhase section */

/* Begin PBXTargetDependency section */
		0FC441CC2DC93D50008BB8A7 /* PBXTargetDependency */ = {
			isa = PBXTargetDependency;
			target = 0FC441BC2DC93D4E008BB8A7 /* Project_6A */;
			targetProxy = 0FC441CB2DC93D50008BB8A7 /* PBXContainerItemProxy */;
		};
		0FC441D62DC93D50008BB8A7 /* PBXTargetDependency */ = {
			isa = PBXTargetDependency;
			target = 0FC441BC2DC93D4E008BB8A7 /* Project_6A */;
			targetProxy = 0FC441D52DC93D50008BB8A7 /* PBXContainerItemProxy */;
		};
/* End PBXTargetDependency section */

/* Begin XCBuildConfiguration section */
		0FC441DC2DC93D50008BB8A7 /* Debug */ = {
			isa = XCBuildConfiguration;
			buildSettings = {
				ALWAYS_SEARCH_USER_PATHS = NO;
				ASSETCATALOG_COMPILER_GENERATE_SWIFT_ASSET_SYMBOL_EXTENSIONS = YES;
				CLANG_ANALYZER_NONNULL = YES;
				CLANG_ANALYZER_NUMBER_OBJECT_CONVERSION = YES_AGGRESSIVE;
				CLANG_CXX_LANGUAGE_STANDARD = "gnu++20";
				CLANG_ENABLE_MODULES = YES;
				CLANG_ENABLE_OBJC_ARC = YES;
				CLANG_ENABLE_OBJC_WEAK = YES;
				CLANG_WARN_BLOCK_CAPTURE_AUTORELEASING = YES;
				CLANG_WARN_BOOL_CONVERSION = YES;
				CLANG_WARN_COMMA = YES;
				CLANG_WARN_CONSTANT_CONVERSION = YES;
				CLANG_WARN_DEPRECATED_OBJC_IMPLEMENTATIONS = YES;
				CLANG_WARN_DIRECT_OBJC_ISA_USAGE = YES_ERROR;
				CLANG_WARN_DOCUMENTATION_COMMENTS = YES;
				CLANG_WARN_EMPTY_BODY = YES;
				CLANG_WARN_ENUM_CONVERSION = YES;
				CLANG_WARN_INFINITE_RECURSION = YES;
				CLANG_WARN_INT_CONVERSION = YES;
				CLANG_WARN_NON_LITERAL_NULL_CONVERSION = YES;
				CLANG_WARN_OBJC_IMPLICIT_RETAIN_SELF = YES;
				CLANG_WARN_OBJC_LITERAL_CONVERSION = YES;
				CLANG_WARN_OBJC_ROOT_CLASS = YES_ERROR;
				CLANG_WARN_QUOTED_INCLUDE_IN_FRAMEWORK_HEADER = YES;
				CLANG_WARN_RANGE_LOOP_ANALYSIS = YES;
				CLANG_WARN_STRICT_PROTOTYPES = YES;
				CLANG_WARN_SUSPICIOUS_MOVE = YES;
				CLANG_WARN_UNGUARDED_AVAILABILITY = YES_AGGRESSIVE;
				CLANG_WARN_UNREACHABLE_CODE = YES;
				CLANG_WARN__DUPLICATE_METHOD_MATCH = YES;
				COPY_PHASE_STRIP = NO;
				DEBUG_INFORMATION_FORMAT = dwarf;
				DEVELOPMENT_TEAM = 8V76HSR699;
				ENABLE_STRICT_OBJC_MSGSEND = YES;
				ENABLE_TESTABILITY = YES;
				ENABLE_USER_SCRIPT_SANDBOXING = YES;
				GCC_C_LANGUAGE_STANDARD = gnu17;
				GCC_DYNAMIC_NO_PIC = NO;
				GCC_NO_COMMON_BLOCKS = YES;
				GCC_OPTIMIZATION_LEVEL = 0;
				GCC_PREPROCESSOR_DEFINITIONS = (
					"DEBUG=1",
					"$(inherited)",
				);
				GCC_WARN_64_TO_32_BIT_CONVERSION = YES;
				GCC_WARN_ABOUT_RETURN_TYPE = YES_ERROR;
				GCC_WARN_UNDECLARED_SELECTOR = YES;
				GCC_WARN_UNINITIALIZED_AUTOS = YES_AGGRESSIVE;
				GCC_WARN_UNUSED_FUNCTION = YES;
				GCC_WARN_UNUSED_VARIABLE = YES;
				IPHONEOS_DEPLOYMENT_TARGET = 18.4;
				LOCALIZATION_PREFERS_STRING_CATALOGS = YES;
				MTL_ENABLE_DEBUG_INFO = INCLUDE_SOURCE;
				MTL_FAST_MATH = YES;
				ONLY_ACTIVE_ARCH = YES;
				SDKROOT = iphoneos;
				SWIFT_ACTIVE_COMPILATION_CONDITIONS = "DEBUG $(inherited)";
				SWIFT_OPTIMIZATION_LEVEL = "-Onone";
			};
			name = Debug;
		};
		0FC441DD2DC93D50008BB8A7 /* Release */ = {
			isa = XCBuildConfiguration;
			buildSettings = {
				ALWAYS_SEARCH_USER_PATHS = NO;
				ASSETCATALOG_COMPILER_GENERATE_SWIFT_ASSET_SYMBOL_EXTENSIONS = YES;
				CLANG_ANALYZER_NONNULL = YES;
				CLANG_ANALYZER_NUMBER_OBJECT_CONVERSION = YES_AGGRESSIVE;
				CLANG_CXX_LANGUAGE_STANDARD = "gnu++20";
				CLANG_ENABLE_MODULES = YES;
				CLANG_ENABLE_OBJC_ARC = YES;
				CLANG_ENABLE_OBJC_WEAK = YES;
				CLANG_WARN_BLOCK_CAPTURE_AUTORELEASING = YES;
				CLANG_WARN_BOOL_CONVERSION = YES;
				CLANG_WARN_COMMA = YES;
				CLANG_WARN_CONSTANT_CONVERSION = YES;
				CLANG_WARN_DEPRECATED_OBJC_IMPLEMENTATIONS = YES;
				CLANG_WARN_DIRECT_OBJC_ISA_USAGE = YES_ERROR;
				CLANG_WARN_DOCUMENTATION_COMMENTS = YES;
				CLANG_WARN_EMPTY_BODY = YES;
				CLANG_WARN_ENUM_CONVERSION = YES;
				CLANG_WARN_INFINITE_RECURSION = YES;
				CLANG_WARN_INT_CONVERSION = YES;
				CLANG_WARN_NON_LITERAL_NULL_CONVERSION = YES;
				CLANG_WARN_OBJC_IMPLICIT_RETAIN_SELF = YES;
				CLANG_WARN_OBJC_LITERAL_CONVERSION = YES;
				CLANG_WARN_OBJC_ROOT_CLASS = YES_ERROR;
				CLANG_WARN_QUOTED_INCLUDE_IN_FRAMEWORK_HEADER = YES;
				CLANG_WARN_RANGE_LOOP_ANALYSIS = YES;
				CLANG_WARN_STRICT_PROTOTYPES = YES;
				CLANG_WARN_SUSPICIOUS_MOVE = YES;
				CLANG_WARN_UNGUARDED_AVAILABILITY = YES_AGGRESSIVE;
				CLANG_WARN_UNREACHABLE_CODE = YES;
				CLANG_WARN__DUPLICATE_METHOD_MATCH = YES;
				COPY_PHASE_STRIP = NO;
				DEBUG_INFORMATION_FORMAT = "dwarf-with-dsym";
				DEVELOPMENT_TEAM = 8V76HSR699;
				ENABLE_NS_ASSERTIONS = NO;
				ENABLE_STRICT_OBJC_MSGSEND = YES;
				ENABLE_USER_SCRIPT_SANDBOXING = YES;
				GCC_C_LANGUAGE_STANDARD = gnu17;
				GCC_NO_COMMON_BLOCKS = YES;
				GCC_WARN_64_TO_32_BIT_CONVERSION = YES;
				GCC_WARN_ABOUT_RETURN_TYPE = YES_ERROR;
				GCC_WARN_UNDECLARED_SELECTOR = YES;
				GCC_WARN_UNINITIALIZED_AUTOS = YES_AGGRESSIVE;
				GCC_WARN_UNUSED_FUNCTION = YES;
				GCC_WARN_UNUSED_VARIABLE = YES;
				IPHONEOS_DEPLOYMENT_TARGET = 18.4;
				LOCALIZATION_PREFERS_STRING_CATALOGS = YES;
				MTL_ENABLE_DEBUG_INFO = NO;
				MTL_FAST_MATH = YES;
				SDKROOT = iphoneos;
				SWIFT_COMPILATION_MODE = wholemodule;
				VALIDATE_PRODUCT = YES;
			};
			name = Release;
		};
		0FC441DF2DC93D50008BB8A7 /* Debug */ = {
			isa = XCBuildConfiguration;
			buildSettings = {
				ASSETCATALOG_COMPILER_APPICON_NAME = AppIcon;
				ASSETCATALOG_COMPILER_GLOBAL_ACCENT_COLOR_NAME = AccentColor;
				CODE_SIGN_STYLE = Automatic;
				CURRENT_PROJECT_VERSION = 1;
				DEVELOPMENT_TEAM = 8V76HSR699;
				ENABLE_PREVIEWS = YES;
				GENERATE_INFOPLIST_FILE = YES;
				INFOPLIST_KEY_UIApplicationSceneManifest_Generation = YES;
				INFOPLIST_KEY_UIApplicationSupportsIndirectInputEvents = YES;
				INFOPLIST_KEY_UILaunchScreen_Generation = YES;
				INFOPLIST_KEY_UISupportedInterfaceOrientations_iPad = "UIInterfaceOrientationPortrait UIInterfaceOrientationPortraitUpsideDown UIInterfaceOrientationLandscapeLeft UIInterfaceOrientationLandscapeRight";
				INFOPLIST_KEY_UISupportedInterfaceOrientations_iPhone = "UIInterfaceOrientationPortrait UIInterfaceOrientationLandscapeLeft UIInterfaceOrientationLandscapeRight";
				LD_RUNPATH_SEARCH_PATHS = (
					"$(inherited)",
					"@executable_path/Frameworks",
				);
				MARKETING_VERSION = 1.0;
				PRODUCT_BUNDLE_IDENTIFIER = "Colton.Project-6A";
				PRODUCT_NAME = "$(TARGET_NAME)";
				SWIFT_EMIT_LOC_STRINGS = YES;
				SWIFT_VERSION = 5.0;
				TARGETED_DEVICE_FAMILY = "1,2";
			};
			name = Debug;
		};
		0FC441E02DC93D50008BB8A7 /* Release */ = {
			isa = XCBuildConfiguration;
			buildSettings = {
				ASSETCATALOG_COMPILER_APPICON_NAME = AppIcon;
				ASSETCATALOG_COMPILER_GLOBAL_ACCENT_COLOR_NAME = AccentColor;
				CODE_SIGN_STYLE = Automatic;
				CURRENT_PROJECT_VERSION = 1;
				DEVELOPMENT_TEAM = 8V76HSR699;
				ENABLE_PREVIEWS = YES;
				GENERATE_INFOPLIST_FILE = YES;
				INFOPLIST_KEY_UIApplicationSceneManifest_Generation = YES;
				INFOPLIST_KEY_UIApplicationSupportsIndirectInputEvents = YES;
				INFOPLIST_KEY_UILaunchScreen_Generation = YES;
				INFOPLIST_KEY_UISupportedInterfaceOrientations_iPad = "UIInterfaceOrientationPortrait UIInterfaceOrientationPortraitUpsideDown UIInterfaceOrientationLandscapeLeft UIInterfaceOrientationLandscapeRight";
				INFOPLIST_KEY_UISupportedInterfaceOrientations_iPhone = "UIInterfaceOrientationPortrait UIInterfaceOrientationLandscapeLeft UIInterfaceOrientationLandscapeRight";
				LD_RUNPATH_SEARCH_PATHS = (
					"$(inherited)",
					"@executable_path/Frameworks",
				);
				MARKETING_VERSION = 1.0;
				PRODUCT_BUNDLE_IDENTIFIER = "Colton.Project-6A";
				PRODUCT_NAME = "$(TARGET_NAME)";
				SWIFT_EMIT_LOC_STRINGS = YES;
				SWIFT_VERSION = 5.0;
				TARGETED_DEVICE_FAMILY = "1,2";
			};
			name = Release;
		};
		0FC441E22DC93D50008BB8A7 /* Debug */ = {
			isa = XCBuildConfiguration;
			buildSettings = {
				BUNDLE_LOADER = "$(TEST_HOST)";
				CODE_SIGN_STYLE = Automatic;
				CURRENT_PROJECT_VERSION = 1;
				DEVELOPMENT_TEAM = 8V76HSR699;
				GENERATE_INFOPLIST_FILE = YES;
				IPHONEOS_DEPLOYMENT_TARGET = 18.4;
				MARKETING_VERSION = 1.0;
				PRODUCT_BUNDLE_IDENTIFIER = "Colton.Project-6ATests";
				PRODUCT_NAME = "$(TARGET_NAME)";
				SWIFT_EMIT_LOC_STRINGS = NO;
				SWIFT_VERSION = 5.0;
				TARGETED_DEVICE_FAMILY = "1,2";
				TEST_HOST = "$(BUILT_PRODUCTS_DIR)/Project_6A.app/$(BUNDLE_EXECUTABLE_FOLDER_PATH)/Project_6A";
			};
			name = Debug;
		};
		0FC441E32DC93D50008BB8A7 /* Release */ = {
			isa = XCBuildConfiguration;
			buildSettings = {
				BUNDLE_LOADER = "$(TEST_HOST)";
				CODE_SIGN_STYLE = Automatic;
				CURRENT_PROJECT_VERSION = 1;
				DEVELOPMENT_TEAM = 8V76HSR699;
				GENERATE_INFOPLIST_FILE = YES;
				IPHONEOS_DEPLOYMENT_TARGET = 18.4;
				MARKETING_VERSION = 1.0;
				PRODUCT_BUNDLE_IDENTIFIER = "Colton.Project-6ATests";
				PRODUCT_NAME = "$(TARGET_NAME)";
				SWIFT_EMIT_LOC_STRINGS = NO;
				SWIFT_VERSION = 5.0;
				TARGETED_DEVICE_FAMILY = "1,2";
				TEST_HOST = "$(BUILT_PRODUCTS_DIR)/Project_6A.app/$(BUNDLE_EXECUTABLE_FOLDER_PATH)/Project_6A";
			};
			name = Release;
		};
		0FC441E52DC93D50008BB8A7 /* Debug */ = {
			isa = XCBuildConfiguration;
			buildSettings = {
				CODE_SIGN_STYLE = Automatic;
				CURRENT_PROJECT_VERSION = 1;
				DEVELOPMENT_TEAM = 8V76HSR699;
				GENERATE_INFOPLIST_FILE = YES;
				MARKETING_VERSION = 1.0;
				PRODUCT_BUNDLE_IDENTIFIER = "Colton.Project-6AUITests";
				PRODUCT_NAME = "$(TARGET_NAME)";
				SWIFT_EMIT_LOC_STRINGS = NO;
				SWIFT_VERSION = 5.0;
				TARGETED_DEVICE_FAMILY = "1,2";
				TEST_TARGET_NAME = Project_6A;
			};
			name = Debug;
		};
		0FC441E62DC93D50008BB8A7 /* Release */ = {
			isa = XCBuildConfiguration;
			buildSettings = {
				CODE_SIGN_STYLE = Automatic;
				CURRENT_PROJECT_VERSION = 1;
				DEVELOPMENT_TEAM = 8V76HSR699;
				GENERATE_INFOPLIST_FILE = YES;
				MARKETING_VERSION = 1.0;
				PRODUCT_BUNDLE_IDENTIFIER = "Colton.Project-6AUITests";
				PRODUCT_NAME = "$(TARGET_NAME)";
				SWIFT_EMIT_LOC_STRINGS = NO;
				SWIFT_VERSION = 5.0;
				TARGETED_DEVICE_FAMILY = "1,2";
				TEST_TARGET_NAME = Project_6A;
			};
			name = Release;
		};
/* End XCBuildConfiguration section */

/* Begin XCConfigurationList section */
		0FC441B82DC93D4E008BB8A7 /* Build configuration list for PBXProject "Project_6A" */ = {
			isa = XCConfigurationList;
			buildConfigurations = (
				0FC441DC2DC93D50008BB8A7 /* Debug */,
				0FC441DD2DC93D50008BB8A7 /* Release */,
			);
			defaultConfigurationIsVisible = 0;
			defaultConfigurationName = Release;
		};
		0FC441DE2DC93D50008BB8A7 /* Build configuration list for PBXNativeTarget "Project_6A" */ = {
			isa = XCConfigurationList;
			buildConfigurations = (
				0FC441DF2DC93D50008BB8A7 /* Debug */,
				0FC441E02DC93D50008BB8A7 /* Release */,
			);
			defaultConfigurationIsVisible = 0;
			defaultConfigurationName = Release;
		};
		0FC441E12DC93D50008BB8A7 /* Build configuration list for PBXNativeTarget "Project_6ATests" */ = {
			isa = XCConfigurationList;
			buildConfigurations = (
				0FC441E22DC93D50008BB8A7 /* Debug */,
				0FC441E32DC93D50008BB8A7 /* Release */,
			);
			defaultConfigurationIsVisible = 0;
			defaultConfigurationName = Release;
		};
		0FC441E42DC93D50008BB8A7 /* Build configuration list for PBXNativeTarget "Project_6AUITests" */ = {
			isa = XCConfigurationList;
			buildConfigurations = (
				0FC441E52DC93D50008BB8A7 /* Debug */,
				0FC441E62DC93D50008BB8A7 /* Release */,
			);
			defaultConfigurationIsVisible = 0;
			defaultConfigurationName = Release;
		};
/* End XCConfigurationList section */
	};
	rootObject = 0FC441B52DC93D4E008BB8A7 /* Project object */;
}
